
Microsoft Visual Studio Solution File, Format Version 12.00
# Visual Studio 15
VisualStudioVersion = 15.0.26430.16
MinimumVisualStudioVersion = 10.0.40219.1
Project("{FAE04EC0-301F-11D3-BF4B-00C04F79EFBC}") = "View", "View\View.csproj", "{A8B2C6DC-67A4-4B2A-85DC-6E8F0699C786}"
EndProject
Project("{FAE04EC0-301F-11D3-BF4B-00C04F79EFBC}") = "Presenter", "Presenter\Presenter.csproj", "{AB3CC15A-AD2E-4568-984A-9897E2B9457D}"
EndProject
Project("{FAE04EC0-301F-11D3-BF4B-00C04F79EFBC}") = "Interactor", "Interactor\Interactor.csproj", "{B064462E-77D2-4D11-A707-C5128902A769}"
EndProject
Project("{FAE04EC0-301F-11D3-BF4B-00C04F79EFBC}") = "Boundry", "BoundryIn\Boundry.csproj", "{E75F73F5-05E5-4449-917E-F50A1D21D4D3}"
EndProject
Project("{FAE04EC0-301F-11D3-BF4B-00C04F79EFBC}") = "Entity_Query", "Entity_Query\Entity_Query.csproj", "{E09AA34C-3A80-465E-B917-9F098DD52C4B}"
EndProject
Global
	GlobalSection(SolutionConfigurationPlatforms) = preSolution
		Debug|Any CPU = Debug|Any CPU
		Release|Any CPU = Release|Any CPU
	EndGlobalSection
	GlobalSection(ProjectConfigurationPlatforms) = postSolution
		{A8B2C6DC-67A4-4B2A-85DC-6E8F0699C786}.Debug|Any CPU.ActiveCfg = Debug|Any CPU
		{A8B2C6DC-67A4-4B2A-85DC-6E8F0699C786}.Debug|Any CPU.Build.0 = Debug|Any CPU
		{A8B2C6DC-67A4-4B2A-85DC-6E8F0699C786}.Release|Any CPU.ActiveCfg = Release|Any CPU
		{A8B2C6DC-67A4-4B2A-85DC-6E8F0699C786}.Release|Any CPU.Build.0 = Release|Any CPU
		{AB3CC15A-AD2E-4568-984A-9897E2B9457D}.Debug|Any CPU.ActiveCfg = Debug|Any CPU
		{AB3CC15A-AD2E-4568-984A-9897E2B9457D}.Debug|Any CPU.Build.0 = Debug|Any CPU
		{AB3CC15A-AD2E-4568-984A-9897E2B9457D}.Release|Any CPU.ActiveCfg = Release|Any CPU
		{AB3CC15A-AD2E-4568-984A-9897E2B9457D}.Release|Any CPU.Build.0 = Release|Any CPU
		{B064462E-77D2-4D11-A707-C5128902A769}.Debug|Any CPU.ActiveCfg = Debug|Any CPU
		{B064462E-77D2-4D11-A707-C5128902A769}.Debug|Any CPU.Build.0 = Debug|Any CPU
		{B064462E-77D2-4D11-A707-C5128902A769}.Release|Any CPU.ActiveCfg = Release|Any CPU
		{B064462E-77D2-4D11-A707-C5128902A769}.Release|Any CPU.Build.0 = Release|Any CPU
		{E75F73F5-05E5-4449-917E-F50A1D21D4D3}.Debug|Any CPU.ActiveCfg = Debug|Any CPU
		{E75F73F5-05E5-4449-917E-F50A1D21D4D3}.Debug|Any CPU.Build.0 = Debug|Any CPU
		{E75F73F5-05E5-4449-917E-F50A1D21D4D3}.Release|Any CPU.ActiveCfg = Release|Any CPU
		{E75F73F5-05E5-4449-917E-F50A1D21D4D3}.Release|Any CPU.Build.0 = Release|Any CPU
		{E09AA34C-3A80-465E-B917-9F098DD52C4B}.Debug|Any CPU.ActiveCfg = Debug|Any CPU
		{E09AA34C-3A80-465E-B917-9F098DD52C4B}.Debug|Any CPU.Build.0 = Debug|Any CPU
		{E09AA34C-3A80-465E-B917-9F098DD52C4B}.Release|Any CPU.ActiveCfg = Release|Any CPU
		{E09AA34C-3A80-465E-B917-9F098DD52C4B}.Release|Any CPU.Build.0 = Release|Any CPU
	EndGlobalSection
	GlobalSection(SolutionProperties) = preSolution
		HideSolutionNode = FALSE
	EndGlobalSection
EndGlobal
