
Microsoft Visual Studio Solution File, Format Version 12.00
# Visual Studio 15
VisualStudioVersion = 15.0.26430.16
MinimumVisualStudioVersion = 10.0.40219.1
Project("{E24C65DC-7377-472B-9ABA-BC803B73C61A}") = "DDA_Ass02_v04", "..\..\Enterprise Systems\ESysRepo\DataDrivenApp\DDA_Ass02_v04\", "{46F55C95-7CA0-4177-8246-660A617BD514}"
	ProjectSection(WebsiteProperties) = preProject
		TargetFrameworkMoniker = ".NETFramework,Version%3Dv4.5.2"
		Debug.AspNetCompiler.VirtualPath = "/localhost_51472"
		Debug.AspNetCompiler.PhysicalPath = "..\..\Enterprise Systems\ESysRepo\DataDrivenApp\DDA_Ass02_v04\"
		Debug.AspNetCompiler.TargetPath = "PrecompiledWeb\localhost_51472\"
		Debug.AspNetCompiler.Updateable = "true"
		Debug.AspNetCompiler.ForceOverwrite = "true"
		Debug.AspNetCompiler.FixedNames = "false"
		Debug.AspNetCompiler.Debug = "True"
		Release.AspNetCompiler.VirtualPath = "/localhost_51472"
		Release.AspNetCompiler.PhysicalPath = "..\..\Enterprise Systems\ESysRepo\DataDrivenApp\DDA_Ass02_v04\"
		Release.AspNetCompiler.TargetPath = "PrecompiledWeb\localhost_51472\"
		Release.AspNetCompiler.Updateable = "true"
		Release.AspNetCompiler.ForceOverwrite = "true"
		Release.AspNetCompiler.FixedNames = "false"
		Release.AspNetCompiler.Debug = "False"
		VWDPort = "51472"
		SlnRelativePath = "..\..\Enterprise Systems\ESysRepo\DataDrivenApp\DDA_Ass02_v04\"
	EndProjectSection
EndProject
Global
	GlobalSection(SolutionConfigurationPlatforms) = preSolution
		Debug|Any CPU = Debug|Any CPU
	EndGlobalSection
	GlobalSection(ProjectConfigurationPlatforms) = postSolution
		{46F55C95-7CA0-4177-8246-660A617BD514}.Debug|Any CPU.ActiveCfg = Debug|Any CPU
		{46F55C95-7CA0-4177-8246-660A617BD514}.Debug|Any CPU.Build.0 = Debug|Any CPU
	EndGlobalSection
	GlobalSection(SolutionProperties) = preSolution
		HideSolutionNode = FALSE
	EndGlobalSection
EndGlobal
